// !$*UTF8*$!
{
	archiveVersion = 1;
	classes = {
	};
	objectVersion = 56;
	objects = {

/* Begin PBXBuildFile section */
		3597CAC429F051D000CB2934 /* AppDelegate.swift in Sources */ = {isa = PBXBuildFile; fileRef = 3597CAC329F051D000CB2934 /* AppDelegate.swift */; };
		3597CAC629F051D000CB2934 /* SceneDelegate.swift in Sources */ = {isa = PBXBuildFile; fileRef = 3597CAC529F051D000CB2934 /* SceneDelegate.swift */; };
		3597CAD029F051D200CB2934 /* LaunchScreen.storyboard in Resources */ = {isa = PBXBuildFile; fileRef = 3597CACE29F051D200CB2934 /* LaunchScreen.storyboard */; };
		3597CADB29F051D200CB2934 /* WeatherInfoTests.swift in Sources */ = {isa = PBXBuildFile; fileRef = 3597CADA29F051D200CB2934 /* WeatherInfoTests.swift */; };
		3597CAE529F051D200CB2934 /* WeatherInfoUITests.swift in Sources */ = {isa = PBXBuildFile; fileRef = 3597CAE429F051D200CB2934 /* WeatherInfoUITests.swift */; };
		3597CAE729F051D200CB2934 /* WeatherInfoUITestsLaunchTests.swift in Sources */ = {isa = PBXBuildFile; fileRef = 3597CAE629F051D200CB2934 /* WeatherInfoUITestsLaunchTests.swift */; };
		3597CB0B29F06A7300CB2934 /* WeatherVM.swift in Sources */ = {isa = PBXBuildFile; fileRef = 3597CAF729F06A7200CB2934 /* WeatherVM.swift */; };
		3597CB0C29F06A7300CB2934 /* WeatherManager.swift in Sources */ = {isa = PBXBuildFile; fileRef = 3597CAF929F06A7200CB2934 /* WeatherManager.swift */; };
		3597CB0D29F06A7300CB2934 /* WeatherModel.swift in Sources */ = {isa = PBXBuildFile; fileRef = 3597CAFB29F06A7200CB2934 /* WeatherModel.swift */; };
		3597CB0E29F06A7300CB2934 /* WeatherVC.swift in Sources */ = {isa = PBXBuildFile; fileRef = 3597CAFD29F06A7200CB2934 /* WeatherVC.swift */; };
		3597CB0F29F06A7300CB2934 /* Extension.swift in Sources */ = {isa = PBXBuildFile; fileRef = 3597CB0129F06A7300CB2934 /* Extension.swift */; };
		3597CB1029F06A7300CB2934 /* Constants.swift in Sources */ = {isa = PBXBuildFile; fileRef = 3597CB0429F06A7300CB2934 /* Constants.swift */; };
		3597CB1129F06A7300CB2934 /* AlertView.swift in Sources */ = {isa = PBXBuildFile; fileRef = 3597CB0629F06A7300CB2934 /* AlertView.swift */; };
		3597CB1229F06A7300CB2934 /* Services.swift in Sources */ = {isa = PBXBuildFile; fileRef = 3597CB0929F06A7300CB2934 /* Services.swift */; };
		3597CB1329F06A7300CB2934 /* APIError.swift in Sources */ = {isa = PBXBuildFile; fileRef = 3597CB0A29F06A7300CB2934 /* APIError.swift */; };
		3597CB1529F06A8100CB2934 /* Assets.xcassets in Resources */ = {isa = PBXBuildFile; fileRef = 3597CB1429F06A8100CB2934 /* Assets.xcassets */; };
		3597CB1729F06AFD00CB2934 /* Main.storyboard in Resources */ = {isa = PBXBuildFile; fileRef = 3597CB1629F06AFD00CB2934 /* Main.storyboard */; };
/* End PBXBuildFile section */

/* Begin PBXContainerItemProxy section */
		3597CAD729F051D200CB2934 /* PBXContainerItemProxy */ = {
			isa = PBXContainerItemProxy;
			containerPortal = 3597CAB829F051D000CB2934 /* Project object */;
			proxyType = 1;
			remoteGlobalIDString = 3597CABF29F051D000CB2934;
			remoteInfo = WeatherInfo;
		};
		3597CAE129F051D200CB2934 /* PBXContainerItemProxy */ = {
			isa = PBXContainerItemProxy;
			containerPortal = 3597CAB829F051D000CB2934 /* Project object */;
			proxyType = 1;
			remoteGlobalIDString = 3597CABF29F051D000CB2934;
			remoteInfo = WeatherInfo;
		};
/* End PBXContainerItemProxy section */

/* Begin PBXFileReference section */
		3597CAC029F051D000CB2934 /* WeatherInfo.app */ = {isa = PBXFileReference; explicitFileType = wrapper.application; includeInIndex = 0; path = WeatherInfo.app; sourceTree = BUILT_PRODUCTS_DIR; };
		3597CAC329F051D000CB2934 /* AppDelegate.swift */ = {isa = PBXFileReference; lastKnownFileType = sourcecode.swift; path = AppDelegate.swift; sourceTree = "<group>"; };
		3597CAC529F051D000CB2934 /* SceneDelegate.swift */ = {isa = PBXFileReference; lastKnownFileType = sourcecode.swift; path = SceneDelegate.swift; sourceTree = "<group>"; };
		3597CACF29F051D200CB2934 /* Base */ = {isa = PBXFileReference; lastKnownFileType = file.storyboard; name = Base; path = Base.lproj/LaunchScreen.storyboard; sourceTree = "<group>"; };
		3597CAD129F051D200CB2934 /* Info.plist */ = {isa = PBXFileReference; lastKnownFileType = text.plist.xml; path = Info.plist; sourceTree = "<group>"; };
		3597CAD629F051D200CB2934 /* WeatherInfoTests.xctest */ = {isa = PBXFileReference; explicitFileType = wrapper.cfbundle; includeInIndex = 0; path = WeatherInfoTests.xctest; sourceTree = BUILT_PRODUCTS_DIR; };
		3597CADA29F051D200CB2934 /* WeatherInfoTests.swift */ = {isa = PBXFileReference; lastKnownFileType = sourcecode.swift; path = WeatherInfoTests.swift; sourceTree = "<group>"; };
		3597CAE029F051D200CB2934 /* WeatherInfoUITests.xctest */ = {isa = PBXFileReference; explicitFileType = wrapper.cfbundle; includeInIndex = 0; path = WeatherInfoUITests.xctest; sourceTree = BUILT_PRODUCTS_DIR; };
		3597CAE429F051D200CB2934 /* WeatherInfoUITests.swift */ = {isa = PBXFileReference; lastKnownFileType = sourcecode.swift; path = WeatherInfoUITests.swift; sourceTree = "<group>"; };
		3597CAE629F051D200CB2934 /* WeatherInfoUITestsLaunchTests.swift */ = {isa = PBXFileReference; lastKnownFileType = sourcecode.swift; path = WeatherInfoUITestsLaunchTests.swift; sourceTree = "<group>"; };
		3597CAF729F06A7200CB2934 /* WeatherVM.swift */ = {isa = PBXFileReference; fileEncoding = 4; lastKnownFileType = sourcecode.swift; path = WeatherVM.swift; sourceTree = "<group>"; };
		3597CAF929F06A7200CB2934 /* WeatherManager.swift */ = {isa = PBXFileReference; fileEncoding = 4; lastKnownFileType = sourcecode.swift; path = WeatherManager.swift; sourceTree = "<group>"; };
		3597CAFB29F06A7200CB2934 /* WeatherModel.swift */ = {isa = PBXFileReference; fileEncoding = 4; lastKnownFileType = sourcecode.swift; path = WeatherModel.swift; sourceTree = "<group>"; };
		3597CAFD29F06A7200CB2934 /* WeatherVC.swift */ = {isa = PBXFileReference; fileEncoding = 4; lastKnownFileType = sourcecode.swift; path = WeatherVC.swift; sourceTree = "<group>"; };
		3597CB0129F06A7300CB2934 /* Extension.swift */ = {isa = PBXFileReference; fileEncoding = 4; lastKnownFileType = sourcecode.swift; path = Extension.swift; sourceTree = "<group>"; };
		3597CB0429F06A7300CB2934 /* Constants.swift */ = {isa = PBXFileReference; fileEncoding = 4; lastKnownFileType = sourcecode.swift; path = Constants.swift; sourceTree = "<group>"; };
		3597CB0629F06A7300CB2934 /* AlertView.swift */ = {isa = PBXFileReference; fileEncoding = 4; lastKnownFileType = sourcecode.swift; path = AlertView.swift; sourceTree = "<group>"; };
		3597CB0929F06A7300CB2934 /* Services.swift */ = {isa = PBXFileReference; fileEncoding = 4; lastKnownFileType = sourcecode.swift; path = Services.swift; sourceTree = "<group>"; };
		3597CB0A29F06A7300CB2934 /* APIError.swift */ = {isa = PBXFileReference; fileEncoding = 4; lastKnownFileType = sourcecode.swift; path = APIError.swift; sourceTree = "<group>"; };
		3597CB1429F06A8100CB2934 /* Assets.xcassets */ = {isa = PBXFileReference; lastKnownFileType = folder.assetcatalog; name = Assets.xcassets; path = ../../../WeatherApp/WeatherReport/WeatherReport/WeatherReport/Assets.xcassets; sourceTree = "<group>"; };
		3597CB1629F06AFD00CB2934 /* Main.storyboard */ = {isa = PBXFileReference; fileEncoding = 4; lastKnownFileType = file.storyboard; path = Main.storyboard; sourceTree = "<group>"; };
/* End PBXFileReference section */

/* Begin PBXFrameworksBuildPhase section */
		3597CABD29F051D000CB2934 /* Frameworks */ = {
			isa = PBXFrameworksBuildPhase;
			buildActionMask = 2147483647;
			files = (
			);
			runOnlyForDeploymentPostprocessing = 0;
		};
		3597CAD329F051D200CB2934 /* Frameworks */ = {
			isa = PBXFrameworksBuildPhase;
			buildActionMask = 2147483647;
			files = (
			);
			runOnlyForDeploymentPostprocessing = 0;
		};
		3597CADD29F051D200CB2934 /* Frameworks */ = {
			isa = PBXFrameworksBuildPhase;
			buildActionMask = 2147483647;
			files = (
			);
			runOnlyForDeploymentPostprocessing = 0;
		};
/* End PBXFrameworksBuildPhase section */

/* Begin PBXGroup section */
		3597CAB729F051D000CB2934 = {
			isa = PBXGroup;
			children = (
				3597CAC229F051D000CB2934 /* WeatherInfo */,
				3597CAD929F051D200CB2934 /* WeatherInfoTests */,
				3597CAE329F051D200CB2934 /* WeatherInfoUITests */,
				3597CAC129F051D000CB2934 /* Products */,
			);
			sourceTree = "<group>";
		};
		3597CAC129F051D000CB2934 /* Products */ = {
			isa = PBXGroup;
			children = (
				3597CAC029F051D000CB2934 /* WeatherInfo.app */,
				3597CAD629F051D200CB2934 /* WeatherInfoTests.xctest */,
				3597CAE029F051D200CB2934 /* WeatherInfoUITests.xctest */,
			);
			name = Products;
			sourceTree = "<group>";
		};
		3597CAC229F051D000CB2934 /* WeatherInfo */ = {
			isa = PBXGroup;
			children = (
				3597CAF329F06A7200CB2934 /* MVVM */,
				3597CAC329F051D000CB2934 /* AppDelegate.swift */,
				3597CAC529F051D000CB2934 /* SceneDelegate.swift */,
				3597CB1629F06AFD00CB2934 /* Main.storyboard */,
				3597CB1429F06A8100CB2934 /* Assets.xcassets */,
				3597CACE29F051D200CB2934 /* LaunchScreen.storyboard */,
				3597CAD129F051D200CB2934 /* Info.plist */,
			);
			path = WeatherInfo;
			sourceTree = "<group>";
		};
		3597CAD929F051D200CB2934 /* WeatherInfoTests */ = {
			isa = PBXGroup;
			children = (
				3597CADA29F051D200CB2934 /* WeatherInfoTests.swift */,
			);
			path = WeatherInfoTests;
			sourceTree = "<group>";
		};
		3597CAE329F051D200CB2934 /* WeatherInfoUITests */ = {
			isa = PBXGroup;
			children = (
				3597CAE429F051D200CB2934 /* WeatherInfoUITests.swift */,
				3597CAE629F051D200CB2934 /* WeatherInfoUITestsLaunchTests.swift */,
			);
			path = WeatherInfoUITests;
			sourceTree = "<group>";
		};
		3597CAF329F06A7200CB2934 /* MVVM */ = {
			isa = PBXGroup;
			children = (
				3597CAF429F06A7200CB2934 /* Screens */,
				3597CAFF29F06A7300CB2934 /* Utilities */,
				3597CB0229F06A7300CB2934 /* Helper */,
				3597CB0729F06A7300CB2934 /* Network Manager  */,
			);
			path = MVVM;
			sourceTree = "<group>";
		};
		3597CAF429F06A7200CB2934 /* Screens */ = {
			isa = PBXGroup;
			children = (
				3597CAF529F06A7200CB2934 /* Weather */,
			);
			path = Screens;
			sourceTree = "<group>";
		};
		3597CAF529F06A7200CB2934 /* Weather */ = {
			isa = PBXGroup;
			children = (
				3597CAF629F06A7200CB2934 /* ViewModel */,
				3597CAF829F06A7200CB2934 /* WeatherManager */,
				3597CAFA29F06A7200CB2934 /* Model */,
				3597CAFC29F06A7200CB2934 /* ViewController */,
				3597CAFE29F06A7200CB2934 /* Views */,
			);
			path = Weather;
			sourceTree = "<group>";
		};
		3597CAF629F06A7200CB2934 /* ViewModel */ = {
			isa = PBXGroup;
			children = (
				3597CAF729F06A7200CB2934 /* WeatherVM.swift */,
			);
			path = ViewModel;
			sourceTree = "<group>";
		};
		3597CAF829F06A7200CB2934 /* WeatherManager */ = {
			isa = PBXGroup;
			children = (
				3597CAF929F06A7200CB2934 /* WeatherManager.swift */,
			);
			path = WeatherManager;
			sourceTree = "<group>";
		};
		3597CAFA29F06A7200CB2934 /* Model */ = {
			isa = PBXGroup;
			children = (
				3597CAFB29F06A7200CB2934 /* WeatherModel.swift */,
			);
			path = Model;
			sourceTree = "<group>";
		};
		3597CAFC29F06A7200CB2934 /* ViewController */ = {
			isa = PBXGroup;
			children = (
				3597CAFD29F06A7200CB2934 /* WeatherVC.swift */,
			);
			path = ViewController;
			sourceTree = "<group>";
		};
		3597CAFE29F06A7200CB2934 /* Views */ = {
			isa = PBXGroup;
			children = (
			);
			path = Views;
			sourceTree = "<group>";
		};
		3597CAFF29F06A7300CB2934 /* Utilities */ = {
			isa = PBXGroup;
			children = (
				3597CB0029F06A7300CB2934 /* Extension */,
			);
			path = Utilities;
			sourceTree = "<group>";
		};
		3597CB0029F06A7300CB2934 /* Extension */ = {
			isa = PBXGroup;
			children = (
				3597CB0129F06A7300CB2934 /* Extension.swift */,
			);
			path = Extension;
			sourceTree = "<group>";
		};
		3597CB0229F06A7300CB2934 /* Helper */ = {
			isa = PBXGroup;
			children = (
				3597CB0329F06A7300CB2934 /* Constants */,
				3597CB0529F06A7300CB2934 /* AlertView */,
			);
			path = Helper;
			sourceTree = "<group>";
		};
		3597CB0329F06A7300CB2934 /* Constants */ = {
			isa = PBXGroup;
			children = (
				3597CB0429F06A7300CB2934 /* Constants.swift */,
			);
			path = Constants;
			sourceTree = "<group>";
		};
		3597CB0529F06A7300CB2934 /* AlertView */ = {
			isa = PBXGroup;
			children = (
				3597CB0629F06A7300CB2934 /* AlertView.swift */,
			);
			path = AlertView;
			sourceTree = "<group>";
		};
		3597CB0729F06A7300CB2934 /* Network Manager  */ = {
			isa = PBXGroup;
			children = (
				3597CB0829F06A7300CB2934 /* ServiceManager */,
			);
			path = "Network Manager ";
			sourceTree = "<group>";
		};
		3597CB0829F06A7300CB2934 /* ServiceManager */ = {
			isa = PBXGroup;
			children = (
				3597CB0929F06A7300CB2934 /* Services.swift */,
				3597CB0A29F06A7300CB2934 /* APIError.swift */,
			);
			path = ServiceManager;
			sourceTree = "<group>";
		};
/* End PBXGroup section */

/* Begin PBXNativeTarget section */
		3597CABF29F051D000CB2934 /* WeatherInfo */ = {
			isa = PBXNativeTarget;
			buildConfigurationList = 3597CAEA29F051D200CB2934 /* Build configuration list for PBXNativeTarget "WeatherInfo" */;
			buildPhases = (
				3597CABC29F051D000CB2934 /* Sources */,
				3597CABD29F051D000CB2934 /* Frameworks */,
				3597CABE29F051D000CB2934 /* Resources */,
			);
			buildRules = (
			);
			dependencies = (
			);
			name = WeatherInfo;
			productName = WeatherInfo;
			productReference = 3597CAC029F051D000CB2934 /* WeatherInfo.app */;
			productType = "com.apple.product-type.application";
		};
		3597CAD529F051D200CB2934 /* WeatherInfoTests */ = {
			isa = PBXNativeTarget;
			buildConfigurationList = 3597CAED29F051D200CB2934 /* Build configuration list for PBXNativeTarget "WeatherInfoTests" */;
			buildPhases = (
				3597CAD229F051D200CB2934 /* Sources */,
				3597CAD329F051D200CB2934 /* Frameworks */,
				3597CAD429F051D200CB2934 /* Resources */,
			);
			buildRules = (
			);
			dependencies = (
				3597CAD829F051D200CB2934 /* PBXTargetDependency */,
			);
			name = WeatherInfoTests;
			productName = WeatherInfoTests;
			productReference = 3597CAD629F051D200CB2934 /* WeatherInfoTests.xctest */;
			productType = "com.apple.product-type.bundle.unit-test";
		};
		3597CADF29F051D200CB2934 /* WeatherInfoUITests */ = {
			isa = PBXNativeTarget;
			buildConfigurationList = 3597CAF029F051D200CB2934 /* Build configuration list for PBXNativeTarget "WeatherInfoUITests" */;
			buildPhases = (
				3597CADC29F051D200CB2934 /* Sources */,
				3597CADD29F051D200CB2934 /* Frameworks */,
				3597CADE29F051D200CB2934 /* Resources */,
			);
			buildRules = (
			);
			dependencies = (
				3597CAE229F051D200CB2934 /* PBXTargetDependency */,
			);
			name = WeatherInfoUITests;
			productName = WeatherInfoUITests;
			productReference = 3597CAE029F051D200CB2934 /* WeatherInfoUITests.xctest */;
			productType = "com.apple.product-type.bundle.ui-testing";
		};
/* End PBXNativeTarget section */

/* Begin PBXProject section */
		3597CAB829F051D000CB2934 /* Project object */ = {
			isa = PBXProject;
			attributes = {
				BuildIndependentTargetsInParallel = 1;
				LastSwiftUpdateCheck = 1400;
				LastUpgradeCheck = 1400;
				TargetAttributes = {
					3597CABF29F051D000CB2934 = {
						CreatedOnToolsVersion = 14.0;
					};
					3597CAD529F051D200CB2934 = {
						CreatedOnToolsVersion = 14.0;
						TestTargetID = 3597CABF29F051D000CB2934;
					};
					3597CADF29F051D200CB2934 = {
						CreatedOnToolsVersion = 14.0;
						TestTargetID = 3597CABF29F051D000CB2934;
					};
				};
			};
			buildConfigurationList = 3597CABB29F051D000CB2934 /* Build configuration list for PBXProject "WeatherInfo" */;
			compatibilityVersion = "Xcode 14.0";
			developmentRegion = en;
			hasScannedForEncodings = 0;
			knownRegions = (
				en,
				Base,
			);
			mainGroup = 3597CAB729F051D000CB2934;
			productRefGroup = 3597CAC129F051D000CB2934 /* Products */;
			projectDirPath = "";
			projectRoot = "";
			targets = (
				3597CABF29F051D000CB2934 /* WeatherInfo */,
				3597CAD529F051D200CB2934 /* WeatherInfoTests */,
				3597CADF29F051D200CB2934 /* WeatherInfoUITests */,
			);
		};
/* End PBXProject section */

/* Begin PBXResourcesBuildPhase section */
		3597CABE29F051D000CB2934 /* Resources */ = {
			isa = PBXResourcesBuildPhase;
			buildActionMask = 2147483647;
			files = (
				3597CAD029F051D200CB2934 /* LaunchScreen.storyboard in Resources */,
				3597CB1529F06A8100CB2934 /* Assets.xcassets in Resources */,
				3597CB1729F06AFD00CB2934 /* Main.storyboard in Resources */,
			);
			runOnlyForDeploymentPostprocessing = 0;
		};
		3597CAD429F051D200CB2934 /* Resources */ = {
			isa = PBXResourcesBuildPhase;
			buildActionMask = 2147483647;
			files = (
			);
			runOnlyForDeploymentPostprocessing = 0;
		};
		3597CADE29F051D200CB2934 /* Resources */ = {
			isa = PBXResourcesBuildPhase;
			buildActionMask = 2147483647;
			files = (
			);
			runOnlyForDeploymentPostprocessing = 0;
		};
/* End PBXResourcesBuildPhase section */

/* Begin PBXSourcesBuildPhase section */
		3597CABC29F051D000CB2934 /* Sources */ = {
			isa = PBXSourcesBuildPhase;
			buildActionMask = 2147483647;
			files = (
				3597CB0E29F06A7300CB2934 /* WeatherVC.swift in Sources */,
				3597CB0B29F06A7300CB2934 /* WeatherVM.swift in Sources */,
				3597CB1229F06A7300CB2934 /* Services.swift in Sources */,
				3597CB0C29F06A7300CB2934 /* WeatherManager.swift in Sources */,
				3597CB1329F06A7300CB2934 /* APIError.swift in Sources */,
				3597CAC429F051D000CB2934 /* AppDelegate.swift in Sources */,
				3597CB1129F06A7300CB2934 /* AlertView.swift in Sources */,
				3597CB0D29F06A7300CB2934 /* WeatherModel.swift in Sources */,
				3597CAC629F051D000CB2934 /* SceneDelegate.swift in Sources */,
				3597CB0F29F06A7300CB2934 /* Extension.swift in Sources */,
				3597CB1029F06A7300CB2934 /* Constants.swift in Sources */,
			);
			runOnlyForDeploymentPostprocessing = 0;
		};
		3597CAD229F051D200CB2934 /* Sources */ = {
			isa = PBXSourcesBuildPhase;
			buildActionMask = 2147483647;
			files = (
				3597CADB29F051D200CB2934 /* WeatherInfoTests.swift in Sources */,
			);
			runOnlyForDeploymentPostprocessing = 0;
		};
		3597CADC29F051D200CB2934 /* Sources */ = {
			isa = PBXSourcesBuildPhase;
			buildActionMask = 2147483647;
			files = (
				3597CAE529F051D200CB2934 /* WeatherInfoUITests.swift in Sources */,
				3597CAE729F051D200CB2934 /* WeatherInfoUITestsLaunchTests.swift in Sources */,
			);
			runOnlyForDeploymentPostprocessing = 0;
		};
/* End PBXSourcesBuildPhase section */

/* Begin PBXTargetDependency section */
		3597CAD829F051D200CB2934 /* PBXTargetDependency */ = {
			isa = PBXTargetDependency;
			target = 3597CABF29F051D000CB2934 /* WeatherInfo */;
			targetProxy = 3597CAD729F051D200CB2934 /* PBXContainerItemProxy */;
		};
		3597CAE229F051D200CB2934 /* PBXTargetDependency */ = {
			isa = PBXTargetDependency;
			target = 3597CABF29F051D000CB2934 /* WeatherInfo */;
			targetProxy = 3597CAE129F051D200CB2934 /* PBXContainerItemProxy */;
		};
/* End PBXTargetDependency section */

/* Begin PBXVariantGroup section */
		3597CACE29F051D200CB2934 /* LaunchScreen.storyboard */ = {
			isa = PBXVariantGroup;
			children = (
				3597CACF29F051D200CB2934 /* Base */,
			);
			name = LaunchScreen.storyboard;
			sourceTree = "<group>";
		};
/* End PBXVariantGroup section */

/* Begin XCBuildConfiguration section */
		3597CAE829F051D200CB2934 /* Debug */ = {
			isa = XCBuildConfiguration;
			buildSettings = {
				ALWAYS_SEARCH_USER_PATHS = NO;
				CLANG_ANALYZER_NONNULL = YES;
				CLANG_ANALYZER_NUMBER_OBJECT_CONVERSION = YES_AGGRESSIVE;
				CLANG_CXX_LANGUAGE_STANDARD = "gnu++20";
				CLANG_ENABLE_MODULES = YES;
				CLANG_ENABLE_OBJC_ARC = YES;
				CLANG_ENABLE_OBJC_WEAK = YES;
				CLANG_WARN_BLOCK_CAPTURE_AUTORELEASING = YES;
				CLANG_WARN_BOOL_CONVERSION = YES;
				CLANG_WARN_COMMA = YES;
				CLANG_WARN_CONSTANT_CONVERSION = YES;
				CLANG_WARN_DEPRECATED_OBJC_IMPLEMENTATIONS = YES;
				CLANG_WARN_DIRECT_OBJC_ISA_USAGE = YES_ERROR;
				CLANG_WARN_DOCUMENTATION_COMMENTS = YES;
				CLANG_WARN_EMPTY_BODY = YES;
				CLANG_WARN_ENUM_CONVERSION = YES;
				CLANG_WARN_INFINITE_RECURSION = YES;
				CLANG_WARN_INT_CONVERSION = YES;
				CLANG_WARN_NON_LITERAL_NULL_CONVERSION = YES;
				CLANG_WARN_OBJC_IMPLICIT_RETAIN_SELF = YES;
				CLANG_WARN_OBJC_LITERAL_CONVERSION = YES;
				CLANG_WARN_OBJC_ROOT_CLASS = YES_ERROR;
				CLANG_WARN_QUOTED_INCLUDE_IN_FRAMEWORK_HEADER = YES;
				CLANG_WARN_RANGE_LOOP_ANALYSIS = YES;
				CLANG_WARN_STRICT_PROTOTYPES = YES;
				CLANG_WARN_SUSPICIOUS_MOVE = YES;
				CLANG_WARN_UNGUARDED_AVAILABILITY = YES_AGGRESSIVE;
				CLANG_WARN_UNREACHABLE_CODE = YES;
				CLANG_WARN__DUPLICATE_METHOD_MATCH = YES;
				COPY_PHASE_STRIP = NO;
				DEBUG_INFORMATION_FORMAT = dwarf;
				ENABLE_STRICT_OBJC_MSGSEND = YES;
				ENABLE_TESTABILITY = YES;
				GCC_C_LANGUAGE_STANDARD = gnu11;
				GCC_DYNAMIC_NO_PIC = NO;
				GCC_NO_COMMON_BLOCKS = YES;
				GCC_OPTIMIZATION_LEVEL = 0;
				GCC_PREPROCESSOR_DEFINITIONS = (
					"DEBUG=1",
					"$(inherited)",
				);
				GCC_WARN_64_TO_32_BIT_CONVERSION = YES;
				GCC_WARN_ABOUT_RETURN_TYPE = YES_ERROR;
				GCC_WARN_UNDECLARED_SELECTOR = YES;
				GCC_WARN_UNINITIALIZED_AUTOS = YES_AGGRESSIVE;
				GCC_WARN_UNUSED_FUNCTION = YES;
				GCC_WARN_UNUSED_VARIABLE = YES;
				IPHONEOS_DEPLOYMENT_TARGET = 16.0;
				MTL_ENABLE_DEBUG_INFO = INCLUDE_SOURCE;
				MTL_FAST_MATH = YES;
				ONLY_ACTIVE_ARCH = YES;
				SDKROOT = iphoneos;
				SWIFT_ACTIVE_COMPILATION_CONDITIONS = DEBUG;
				SWIFT_OPTIMIZATION_LEVEL = "-Onone";
			};
			name = Debug;
		};
		3597CAE929F051D200CB2934 /* Release */ = {
			isa = XCBuildConfiguration;
			buildSettings = {
				ALWAYS_SEARCH_USER_PATHS = NO;
				CLANG_ANALYZER_NONNULL = YES;
				CLANG_ANALYZER_NUMBER_OBJECT_CONVERSION = YES_AGGRESSIVE;
				CLANG_CXX_LANGUAGE_STANDARD = "gnu++20";
				CLANG_ENABLE_MODULES = YES;
				CLANG_ENABLE_OBJC_ARC = YES;
				CLANG_ENABLE_OBJC_WEAK = YES;
				CLANG_WARN_BLOCK_CAPTURE_AUTORELEASING = YES;
				CLANG_WARN_BOOL_CONVERSION = YES;
				CLANG_WARN_COMMA = YES;
				CLANG_WARN_CONSTANT_CONVERSION = YES;
				CLANG_WARN_DEPRECATED_OBJC_IMPLEMENTATIONS = YES;
				CLANG_WARN_DIRECT_OBJC_ISA_USAGE = YES_ERROR;
				CLANG_WARN_DOCUMENTATION_COMMENTS = YES;
				CLANG_WARN_EMPTY_BODY = YES;
				CLANG_WARN_ENUM_CONVERSION = YES;
				CLANG_WARN_INFINITE_RECURSION = YES;
				CLANG_WARN_INT_CONVERSION = YES;
				CLANG_WARN_NON_LITERAL_NULL_CONVERSION = YES;
				CLANG_WARN_OBJC_IMPLICIT_RETAIN_SELF = YES;
				CLANG_WARN_OBJC_LITERAL_CONVERSION = YES;
				CLANG_WARN_OBJC_ROOT_CLASS = YES_ERROR;
				CLANG_WARN_QUOTED_INCLUDE_IN_FRAMEWORK_HEADER = YES;
				CLANG_WARN_RANGE_LOOP_ANALYSIS = YES;
				CLANG_WARN_STRICT_PROTOTYPES = YES;
				CLANG_WARN_SUSPICIOUS_MOVE = YES;
				CLANG_WARN_UNGUARDED_AVAILABILITY = YES_AGGRESSIVE;
				CLANG_WARN_UNREACHABLE_CODE = YES;
				CLANG_WARN__DUPLICATE_METHOD_MATCH = YES;
				COPY_PHASE_STRIP = NO;
				DEBUG_INFORMATION_FORMAT = "dwarf-with-dsym";
				ENABLE_NS_ASSERTIONS = NO;
				ENABLE_STRICT_OBJC_MSGSEND = YES;
				GCC_C_LANGUAGE_STANDARD = gnu11;
				GCC_NO_COMMON_BLOCKS = YES;
				GCC_WARN_64_TO_32_BIT_CONVERSION = YES;
				GCC_WARN_ABOUT_RETURN_TYPE = YES_ERROR;
				GCC_WARN_UNDECLARED_SELECTOR = YES;
				GCC_WARN_UNINITIALIZED_AUTOS = YES_AGGRESSIVE;
				GCC_WARN_UNUSED_FUNCTION = YES;
				GCC_WARN_UNUSED_VARIABLE = YES;
				IPHONEOS_DEPLOYMENT_TARGET = 16.0;
				MTL_ENABLE_DEBUG_INFO = NO;
				MTL_FAST_MATH = YES;
				SDKROOT = iphoneos;
				SWIFT_COMPILATION_MODE = wholemodule;
				SWIFT_OPTIMIZATION_LEVEL = "-O";
				VALIDATE_PRODUCT = YES;
			};
			name = Release;
		};
		3597CAEB29F051D200CB2934 /* Debug */ = {
			isa = XCBuildConfiguration;
			buildSettings = {
				ASSETCATALOG_COMPILER_APPICON_NAME = AppIcon;
				ASSETCATALOG_COMPILER_GLOBAL_ACCENT_COLOR_NAME = AccentColor;
				CODE_SIGN_STYLE = Automatic;
				CURRENT_PROJECT_VERSION = 1;
				DEVELOPMENT_TEAM = 3SE69XYPJ8;
				GENERATE_INFOPLIST_FILE = YES;
				INFOPLIST_FILE = WeatherInfo/Info.plist;
				INFOPLIST_KEY_NSLocationWhenInUseUsageDescription = "used to get the current location of the user and show the default weather";
				INFOPLIST_KEY_UIApplicationSupportsIndirectInputEvents = YES;
				INFOPLIST_KEY_UILaunchStoryboardName = LaunchScreen;
				INFOPLIST_KEY_UIMainStoryboardFile = Main;
				INFOPLIST_KEY_UISupportedInterfaceOrientations_iPad = "UIInterfaceOrientationPortrait UIInterfaceOrientationPortraitUpsideDown UIInterfaceOrientationLandscapeLeft UIInterfaceOrientationLandscapeRight";
				INFOPLIST_KEY_UISupportedInterfaceOrientations_iPhone = "UIInterfaceOrientationPortrait UIInterfaceOrientationLandscapeLeft UIInterfaceOrientationLandscapeRight";
				LD_RUNPATH_SEARCH_PATHS = (
					"$(inherited)",
					"@executable_path/Frameworks",
				);
				MARKETING_VERSION = 1.0;
				PRODUCT_BUNDLE_IDENTIFIER = com.rakeshDeshaboina.WeatherInfo;
				PRODUCT_NAME = "$(TARGET_NAME)";
				SWIFT_EMIT_LOC_STRINGS = YES;
				SWIFT_VERSION = 5.0;
				TARGETED_DEVICE_FAMILY = "1,2";
			};
			name = Debug;
		};
		3597CAEC29F051D200CB2934 /* Release */ = {
			isa = XCBuildConfiguration;
			buildSettings = {
				ASSETCATALOG_COMPILER_APPICON_NAME = AppIcon;
				ASSETCATALOG_COMPILER_GLOBAL_ACCENT_COLOR_NAME = AccentColor;
				CODE_SIGN_STYLE = Automatic;
				CURRENT_PROJECT_VERSION = 1;
				DEVELOPMENT_TEAM = 3SE69XYPJ8;
				GENERATE_INFOPLIST_FILE = YES;
				INFOPLIST_FILE = WeatherInfo/Info.plist;
				INFOPLIST_KEY_NSLocationWhenInUseUsageDescription = "used to get the current location of the user and show the default weather";
				INFOPLIST_KEY_UIApplicationSupportsIndirectInputEvents = YES;
				INFOPLIST_KEY_UILaunchStoryboardName = LaunchScreen;
				INFOPLIST_KEY_UIMainStoryboardFile = Main;
				INFOPLIST_KEY_UISupportedInterfaceOrientations_iPad = "UIInterfaceOrientationPortrait UIInterfaceOrientationPortraitUpsideDown UIInterfaceOrientationLandscapeLeft UIInterfaceOrientationLandscapeRight";
				INFOPLIST_KEY_UISupportedInterfaceOrientations_iPhone = "UIInterfaceOrientationPortrait UIInterfaceOrientationLandscapeLeft UIInterfaceOrientationLandscapeRight";
				LD_RUNPATH_SEARCH_PATHS = (
					"$(inherited)",
					"@executable_path/Frameworks",
				);
				MARKETING_VERSION = 1.0;
				PRODUCT_BUNDLE_IDENTIFIER = com.rakeshDeshaboina.WeatherInfo;
				PRODUCT_NAME = "$(TARGET_NAME)";
				SWIFT_EMIT_LOC_STRINGS = YES;
				SWIFT_VERSION = 5.0;
				TARGETED_DEVICE_FAMILY = "1,2";
			};
			name = Release;
		};
		3597CAEE29F051D200CB2934 /* Debug */ = {
			isa = XCBuildConfiguration;
			buildSettings = {
				ALWAYS_EMBED_SWIFT_STANDARD_LIBRARIES = YES;
				BUNDLE_LOADER = "$(TEST_HOST)";
				CODE_SIGN_STYLE = Automatic;
				CURRENT_PROJECT_VERSION = 1;
				DEVELOPMENT_TEAM = 3SE69XYPJ8;
				GENERATE_INFOPLIST_FILE = YES;
				IPHONEOS_DEPLOYMENT_TARGET = 16.0;
				MARKETING_VERSION = 1.0;
				PRODUCT_BUNDLE_IDENTIFIER = com.rakeshDeshaboina.WeatherInfoTests;
				PRODUCT_NAME = "$(TARGET_NAME)";
				SWIFT_EMIT_LOC_STRINGS = NO;
				SWIFT_VERSION = 5.0;
				TARGETED_DEVICE_FAMILY = "1,2";
				TEST_HOST = "$(BUILT_PRODUCTS_DIR)/WeatherInfo.app/$(BUNDLE_EXECUTABLE_FOLDER_PATH)/WeatherInfo";
			};
			name = Debug;
		};
		3597CAEF29F051D200CB2934 /* Release */ = {
			isa = XCBuildConfiguration;
			buildSettings = {
				ALWAYS_EMBED_SWIFT_STANDARD_LIBRARIES = YES;
				BUNDLE_LOADER = "$(TEST_HOST)";
				CODE_SIGN_STYLE = Automatic;
				CURRENT_PROJECT_VERSION = 1;
				DEVELOPMENT_TEAM = 3SE69XYPJ8;
				GENERATE_INFOPLIST_FILE = YES;
				IPHONEOS_DEPLOYMENT_TARGET = 16.0;
				MARKETING_VERSION = 1.0;
				PRODUCT_BUNDLE_IDENTIFIER = com.rakeshDeshaboina.WeatherInfoTests;
				PRODUCT_NAME = "$(TARGET_NAME)";
				SWIFT_EMIT_LOC_STRINGS = NO;
				SWIFT_VERSION = 5.0;
				TARGETED_DEVICE_FAMILY = "1,2";
				TEST_HOST = "$(BUILT_PRODUCTS_DIR)/WeatherInfo.app/$(BUNDLE_EXECUTABLE_FOLDER_PATH)/WeatherInfo";
			};
			name = Release;
		};
		3597CAF129F051D200CB2934 /* Debug */ = {
			isa = XCBuildConfiguration;
			buildSettings = {
				ALWAYS_EMBED_SWIFT_STANDARD_LIBRARIES = YES;
				CODE_SIGN_STYLE = Automatic;
				CURRENT_PROJECT_VERSION = 1;
				DEVELOPMENT_TEAM = 3SE69XYPJ8;
				GENERATE_INFOPLIST_FILE = YES;
				MARKETING_VERSION = 1.0;
				PRODUCT_BUNDLE_IDENTIFIER = com.rakeshDeshaboina.WeatherInfoUITests;
				PRODUCT_NAME = "$(TARGET_NAME)";
				SWIFT_EMIT_LOC_STRINGS = NO;
				SWIFT_VERSION = 5.0;
				TARGETED_DEVICE_FAMILY = "1,2";
				TEST_TARGET_NAME = WeatherInfo;
			};
			name = Debug;
		};
		3597CAF229F051D200CB2934 /* Release */ = {
			isa = XCBuildConfiguration;
			buildSettings = {
				ALWAYS_EMBED_SWIFT_STANDARD_LIBRARIES = YES;
				CODE_SIGN_STYLE = Automatic;
				CURRENT_PROJECT_VERSION = 1;
				DEVELOPMENT_TEAM = 3SE69XYPJ8;
				GENERATE_INFOPLIST_FILE = YES;
				MARKETING_VERSION = 1.0;
				PRODUCT_BUNDLE_IDENTIFIER = com.rakeshDeshaboina.WeatherInfoUITests;
				PRODUCT_NAME = "$(TARGET_NAME)";
				SWIFT_EMIT_LOC_STRINGS = NO;
				SWIFT_VERSION = 5.0;
				TARGETED_DEVICE_FAMILY = "1,2";
				TEST_TARGET_NAME = WeatherInfo;
			};
			name = Release;
		};
/* End XCBuildConfiguration section */

/* Begin XCConfigurationList section */
		3597CABB29F051D000CB2934 /* Build configuration list for PBXProject "WeatherInfo" */ = {
			isa = XCConfigurationList;
			buildConfigurations = (
				3597CAE829F051D200CB2934 /* Debug */,
				3597CAE929F051D200CB2934 /* Release */,
			);
			defaultConfigurationIsVisible = 0;
			defaultConfigurationName = Release;
		};
		3597CAEA29F051D200CB2934 /* Build configuration list for PBXNativeTarget "WeatherInfo" */ = {
			isa = XCConfigurationList;
			buildConfigurations = (
				3597CAEB29F051D200CB2934 /* Debug */,
				3597CAEC29F051D200CB2934 /* Release */,
			);
			defaultConfigurationIsVisible = 0;
			defaultConfigurationName = Release;
		};
		3597CAED29F051D200CB2934 /* Build configuration list for PBXNativeTarget "WeatherInfoTests" */ = {
			isa = XCConfigurationList;
			buildConfigurations = (
				3597CAEE29F051D200CB2934 /* Debug */,
				3597CAEF29F051D200CB2934 /* Release */,
			);
			defaultConfigurationIsVisible = 0;
			defaultConfigurationName = Release;
		};
		3597CAF029F051D200CB2934 /* Build configuration list for PBXNativeTarget "WeatherInfoUITests" */ = {
			isa = XCConfigurationList;
			buildConfigurations = (
				3597CAF129F051D200CB2934 /* Debug */,
				3597CAF229F051D200CB2934 /* Release */,
			);
			defaultConfigurationIsVisible = 0;
			defaultConfigurationName = Release;
		};
/* End XCConfigurationList section */
	};
	rootObject = 3597CAB829F051D000CB2934 /* Project object */;
}
